// !$*UTF8*$!
{
	archiveVersion = 1;
	classes = {
	};
	objectVersion = 55;
	objects = {

/* Begin PBXBuildFile section */
		53380D9B273A72DE0044E63E /* AppDelegate.swift in Sources */ = {isa = PBXBuildFile; fileRef = 53380D9A273A72DE0044E63E /* AppDelegate.swift */; };
		53380D9D273A72DE0044E63E /* SceneDelegate.swift in Sources */ = {isa = PBXBuildFile; fileRef = 53380D9C273A72DE0044E63E /* SceneDelegate.swift */; };
		53380D9F273A72DE0044E63E /* ViewController.swift in Sources */ = {isa = PBXBuildFile; fileRef = 53380D9E273A72DE0044E63E /* ViewController.swift */; };
		53380DA2273A72DE0044E63E /* Main.storyboard in Resources */ = {isa = PBXBuildFile; fileRef = 53380DA0273A72DE0044E63E /* Main.storyboard */; };
		53380DA4273A72E10044E63E /* Assets.xcassets in Resources */ = {isa = PBXBuildFile; fileRef = 53380DA3273A72E10044E63E /* Assets.xcassets */; };
		53380DA7273A72E10044E63E /* LaunchScreen.storyboard in Resources */ = {isa = PBXBuildFile; fileRef = 53380DA5273A72E10044E63E /* LaunchScreen.storyboard */; };
		53380DB6273A735F0044E63E /* Colors.xcassets in Resources */ = {isa = PBXBuildFile; fileRef = 53380DB5273A735F0044E63E /* Colors.xcassets */; };
		533B79292774D43C00D0225D /* EditViewController.swift in Sources */ = {isa = PBXBuildFile; fileRef = 533B79282774D43C00D0225D /* EditViewController.swift */; };
		533FE9BD2771D5F700CCC596 /* Camera.storyboard in Resources */ = {isa = PBXBuildFile; fileRef = 533FE9BC2771D5F700CCC596 /* Camera.storyboard */; };
		533FE9C02771D61900CCC596 /* CameraViewController.swift in Sources */ = {isa = PBXBuildFile; fileRef = 533FE9BF2771D61900CCC596 /* CameraViewController.swift */; };
		53599BDB275919E7009EA34F /* MaterialCollectionViewCell.swift in Sources */ = {isa = PBXBuildFile; fileRef = 53599BD9275919E7009EA34F /* MaterialCollectionViewCell.swift */; };
		53599BDC275919E7009EA34F /* MaterialCollectionViewCell.xib in Resources */ = {isa = PBXBuildFile; fileRef = 53599BDA275919E7009EA34F /* MaterialCollectionViewCell.xib */; };
		53622A83275699400063A4DB /* ListViewController.swift in Sources */ = {isa = PBXBuildFile; fileRef = 53622A82275699400063A4DB /* ListViewController.swift */; };
		53622A852756997C0063A4DB /* TabBar.storyboard in Resources */ = {isa = PBXBuildFile; fileRef = 53622A842756997C0063A4DB /* TabBar.storyboard */; };
		53622A87275699860063A4DB /* ItemList.storyboard in Resources */ = {isa = PBXBuildFile; fileRef = 53622A86275699860063A4DB /* ItemList.storyboard */; };
		53622A90275699EA0063A4DB /* ItemCollectionViewCell.swift in Sources */ = {isa = PBXBuildFile; fileRef = 53622A8E275699EA0063A4DB /* ItemCollectionViewCell.swift */; };
		53622A91275699EA0063A4DB /* ItemCollectionViewCell.xib in Resources */ = {isa = PBXBuildFile; fileRef = 53622A8F275699EA0063A4DB /* ItemCollectionViewCell.xib */; };
		53622A9327569D5D0063A4DB /* Extensions.swift in Sources */ = {isa = PBXBuildFile; fileRef = 53622A9227569D5D0063A4DB /* Extensions.swift */; };
		53622A952757EABC0063A4DB /* ItemInfoViewController.swift in Sources */ = {isa = PBXBuildFile; fileRef = 53622A942757EABC0063A4DB /* ItemInfoViewController.swift */; };
		53BB54AA2785552700306AB2 /* Pods_Algomukja.framework in Frameworks */ = {isa = PBXBuildFile; fileRef = A9A74D08D08D0AED3BA060B1 /* Pods_Algomukja.framework */; };
		53BB54AE278563DB00306AB2 /* Rank.storyboard in Resources */ = {isa = PBXBuildFile; fileRef = 53BB54AD278563DB00306AB2 /* Rank.storyboard */; };
		53BB54B1278563F600306AB2 /* RankViewController.swift in Sources */ = {isa = PBXBuildFile; fileRef = 53BB54B0278563F600306AB2 /* RankViewController.swift */; };
		53BB54B727859B4600306AB2 /* CardCollectionViewCell.swift in Sources */ = {isa = PBXBuildFile; fileRef = 53BB54B527859B4600306AB2 /* CardCollectionViewCell.swift */; };
		53BB54B827859B4600306AB2 /* CardCollectionViewCell.xib in Resources */ = {isa = PBXBuildFile; fileRef = 53BB54B627859B4600306AB2 /* CardCollectionViewCell.xib */; };
		53EB7AC9279BD9AC007FD22A /* TabBarViewController.swift in Sources */ = {isa = PBXBuildFile; fileRef = 53EB7AC8279BD9AC007FD22A /* TabBarViewController.swift */; };
/* End PBXBuildFile section */

/* Begin PBXFileReference section */
		53380D97273A72DE0044E63E /* Algomukja.app */ = {isa = PBXFileReference; explicitFileType = wrapper.application; includeInIndex = 0; path = Algomukja.app; sourceTree = BUILT_PRODUCTS_DIR; };
		53380D9A273A72DE0044E63E /* AppDelegate.swift */ = {isa = PBXFileReference; lastKnownFileType = sourcecode.swift; path = AppDelegate.swift; sourceTree = "<group>"; };
		53380D9C273A72DE0044E63E /* SceneDelegate.swift */ = {isa = PBXFileReference; lastKnownFileType = sourcecode.swift; path = SceneDelegate.swift; sourceTree = "<group>"; };
		53380D9E273A72DE0044E63E /* ViewController.swift */ = {isa = PBXFileReference; lastKnownFileType = sourcecode.swift; path = ViewController.swift; sourceTree = "<group>"; };
		53380DA1273A72DE0044E63E /* Base */ = {isa = PBXFileReference; lastKnownFileType = file.storyboard; name = Base; path = Base.lproj/Main.storyboard; sourceTree = "<group>"; };
		53380DA3273A72E10044E63E /* Assets.xcassets */ = {isa = PBXFileReference; lastKnownFileType = folder.assetcatalog; path = Assets.xcassets; sourceTree = "<group>"; };
		53380DA6273A72E10044E63E /* Base */ = {isa = PBXFileReference; lastKnownFileType = file.storyboard; name = Base; path = Base.lproj/LaunchScreen.storyboard; sourceTree = "<group>"; };
		53380DA8273A72E10044E63E /* Info.plist */ = {isa = PBXFileReference; lastKnownFileType = text.plist.xml; path = Info.plist; sourceTree = "<group>"; };
		53380DB5273A735F0044E63E /* Colors.xcassets */ = {isa = PBXFileReference; lastKnownFileType = folder.assetcatalog; path = Colors.xcassets; sourceTree = "<group>"; };
		533B79282774D43C00D0225D /* EditViewController.swift */ = {isa = PBXFileReference; lastKnownFileType = sourcecode.swift; path = EditViewController.swift; sourceTree = "<group>"; };
		533FE9BC2771D5F700CCC596 /* Camera.storyboard */ = {isa = PBXFileReference; lastKnownFileType = file.storyboard; path = Camera.storyboard; sourceTree = "<group>"; };
		533FE9BF2771D61900CCC596 /* CameraViewController.swift */ = {isa = PBXFileReference; lastKnownFileType = sourcecode.swift; path = CameraViewController.swift; sourceTree = "<group>"; };
		53599BD9275919E7009EA34F /* MaterialCollectionViewCell.swift */ = {isa = PBXFileReference; lastKnownFileType = sourcecode.swift; path = MaterialCollectionViewCell.swift; sourceTree = "<group>"; };
		53599BDA275919E7009EA34F /* MaterialCollectionViewCell.xib */ = {isa = PBXFileReference; lastKnownFileType = file.xib; path = MaterialCollectionViewCell.xib; sourceTree = "<group>"; };
		53622A82275699400063A4DB /* ListViewController.swift */ = {isa = PBXFileReference; lastKnownFileType = sourcecode.swift; path = ListViewController.swift; sourceTree = "<group>"; };
		53622A842756997C0063A4DB /* TabBar.storyboard */ = {isa = PBXFileReference; lastKnownFileType = file.storyboard; path = TabBar.storyboard; sourceTree = "<group>"; };
		53622A86275699860063A4DB /* ItemList.storyboard */ = {isa = PBXFileReference; lastKnownFileType = file.storyboard; path = ItemList.storyboard; sourceTree = "<group>"; };
		53622A8E275699EA0063A4DB /* ItemCollectionViewCell.swift */ = {isa = PBXFileReference; lastKnownFileType = sourcecode.swift; path = ItemCollectionViewCell.swift; sourceTree = "<group>"; };
		53622A8F275699EA0063A4DB /* ItemCollectionViewCell.xib */ = {isa = PBXFileReference; lastKnownFileType = file.xib; path = ItemCollectionViewCell.xib; sourceTree = "<group>"; };
		53622A9227569D5D0063A4DB /* Extensions.swift */ = {isa = PBXFileReference; lastKnownFileType = sourcecode.swift; path = Extensions.swift; sourceTree = "<group>"; };
		53622A942757EABC0063A4DB /* ItemInfoViewController.swift */ = {isa = PBXFileReference; lastKnownFileType = sourcecode.swift; path = ItemInfoViewController.swift; sourceTree = "<group>"; };
		53BB54AD278563DB00306AB2 /* Rank.storyboard */ = {isa = PBXFileReference; lastKnownFileType = file.storyboard; path = Rank.storyboard; sourceTree = "<group>"; };
		53BB54B0278563F600306AB2 /* RankViewController.swift */ = {isa = PBXFileReference; lastKnownFileType = sourcecode.swift; path = RankViewController.swift; sourceTree = "<group>"; };
		53BB54B527859B4600306AB2 /* CardCollectionViewCell.swift */ = {isa = PBXFileReference; lastKnownFileType = sourcecode.swift; path = CardCollectionViewCell.swift; sourceTree = "<group>"; };
		53BB54B627859B4600306AB2 /* CardCollectionViewCell.xib */ = {isa = PBXFileReference; lastKnownFileType = file.xib; path = CardCollectionViewCell.xib; sourceTree = "<group>"; };
		53EB7AC8279BD9AC007FD22A /* TabBarViewController.swift */ = {isa = PBXFileReference; lastKnownFileType = sourcecode.swift; path = TabBarViewController.swift; sourceTree = "<group>"; };
		A9A74D08D08D0AED3BA060B1 /* Pods_Algomukja.framework */ = {isa = PBXFileReference; explicitFileType = wrapper.framework; includeInIndex = 0; path = Pods_Algomukja.framework; sourceTree = BUILT_PRODUCTS_DIR; };
		B15B9690FFD5BFDCDD839649 /* Pods-Algomukja.debug.xcconfig */ = {isa = PBXFileReference; includeInIndex = 1; lastKnownFileType = text.xcconfig; name = "Pods-Algomukja.debug.xcconfig"; path = "Target Support Files/Pods-Algomukja/Pods-Algomukja.debug.xcconfig"; sourceTree = "<group>"; };
		E9386F59357B420D2110BAD3 /* Pods-Algomukja.release.xcconfig */ = {isa = PBXFileReference; includeInIndex = 1; lastKnownFileType = text.xcconfig; name = "Pods-Algomukja.release.xcconfig"; path = "Target Support Files/Pods-Algomukja/Pods-Algomukja.release.xcconfig"; sourceTree = "<group>"; };
/* End PBXFileReference section */

/* Begin PBXFrameworksBuildPhase section */
		53380D94273A72DE0044E63E /* Frameworks */ = {
			isa = PBXFrameworksBuildPhase;
			buildActionMask = 2147483647;
			files = (
				53BB54AA2785552700306AB2 /* Pods_Algomukja.framework in Frameworks */,
			);
			runOnlyForDeploymentPostprocessing = 0;
		};
/* End PBXFrameworksBuildPhase section */

/* Begin PBXGroup section */
		53380D8E273A72DE0044E63E = {
			isa = PBXGroup;
			children = (
				53380D99273A72DE0044E63E /* Algomukja */,
				53380D98273A72DE0044E63E /* Products */,
				F8E000CDD6F70CFAC93B9C6F /* Pods */,
				C64D723A855C7F601BD5AFC5 /* Frameworks */,
			);
			sourceTree = "<group>";
		};
		53380D98273A72DE0044E63E /* Products */ = {
			isa = PBXGroup;
			children = (
				53380D97273A72DE0044E63E /* Algomukja.app */,
			);
			name = Products;
			sourceTree = "<group>";
		};
		53380D99273A72DE0044E63E /* Algomukja */ = {
			isa = PBXGroup;
			children = (
				53380DB3273A73280044E63E /* View */,
				53380DB2273A73190044E63E /* Resources */,
				53380DB1273A730D0044E63E /* Extension */,
				53380DB0273A73030044E63E /* Controller */,
				53380DAF273A72F40044E63E /* Model */,
				53380DAE273A72EC0044E63E /* Service */,
				53380D9A273A72DE0044E63E /* AppDelegate.swift */,
				53380D9C273A72DE0044E63E /* SceneDelegate.swift */,
				53380D9E273A72DE0044E63E /* ViewController.swift */,
				53380DA8273A72E10044E63E /* Info.plist */,
			);
			path = Algomukja;
			sourceTree = "<group>";
		};
		53380DAE273A72EC0044E63E /* Service */ = {
			isa = PBXGroup;
			children = (
			);
			path = Service;
			sourceTree = "<group>";
		};
		53380DAF273A72F40044E63E /* Model */ = {
			isa = PBXGroup;
			children = (
			);
			path = Model;
			sourceTree = "<group>";
		};
		53380DB0273A73030044E63E /* Controller */ = {
			isa = PBXGroup;
			children = (
				53BB54AF278563E700306AB2 /* Rank */,
				533FE9BE2771D60500CCC596 /* Camera */,
				53622A7E275698E90063A4DB /* Recommend */,
				53622A7D275698DA0063A4DB /* ItemList */,
				53622A7C275698BE0063A4DB /* TabBar */,
			);
			path = Controller;
			sourceTree = "<group>";
		};
		53380DB1273A730D0044E63E /* Extension */ = {
			isa = PBXGroup;
			children = (
				53622A9227569D5D0063A4DB /* Extensions.swift */,
			);
			path = Extension;
			sourceTree = "<group>";
		};
		53380DB2273A73190044E63E /* Resources */ = {
			isa = PBXGroup;
			children = (
				53380DA3273A72E10044E63E /* Assets.xcassets */,
				53380DB5273A735F0044E63E /* Colors.xcassets */,
			);
			path = Resources;
			sourceTree = "<group>";
		};
		53380DB3273A73280044E63E /* View */ = {
			isa = PBXGroup;
			children = (
				53380DA0273A72DE0044E63E /* Main.storyboard */,
				53380DA5273A72E10044E63E /* LaunchScreen.storyboard */,
				53622A842756997C0063A4DB /* TabBar.storyboard */,
				53622A86275699860063A4DB /* ItemList.storyboard */,
				533FE9BC2771D5F700CCC596 /* Camera.storyboard */,
				53BB54AD278563DB00306AB2 /* Rank.storyboard */,
			);
			path = View;
			sourceTree = "<group>";
		};
		533FE9BE2771D60500CCC596 /* Camera */ = {
			isa = PBXGroup;
			children = (
				533FE9BF2771D61900CCC596 /* CameraViewController.swift */,
				533B79282774D43C00D0225D /* EditViewController.swift */,
			);
			path = Camera;
			sourceTree = "<group>";
		};
		53622A7C275698BE0063A4DB /* TabBar */ = {
			isa = PBXGroup;
			children = (
				53EB7AC8279BD9AC007FD22A /* TabBarViewController.swift */,
			);
			path = TabBar;
			sourceTree = "<group>";
		};
		53622A7D275698DA0063A4DB /* ItemList */ = {
			isa = PBXGroup;
			children = (
				53622A82275699400063A4DB /* ListViewController.swift */,
				53622A942757EABC0063A4DB /* ItemInfoViewController.swift */,
				53622A7F2756990D0063A4DB /* Cell */,
			);
			path = ItemList;
			sourceTree = "<group>";
		};
		53622A7E275698E90063A4DB /* Recommend */ = {
			isa = PBXGroup;
			children = (
			);
			path = Recommend;
			sourceTree = "<group>";
		};
		53622A7F2756990D0063A4DB /* Cell */ = {
			isa = PBXGroup;
			children = (
				53622A8E275699EA0063A4DB /* ItemCollectionViewCell.swift */,
				53622A8F275699EA0063A4DB /* ItemCollectionViewCell.xib */,
				53599BD9275919E7009EA34F /* MaterialCollectionViewCell.swift */,
				53599BDA275919E7009EA34F /* MaterialCollectionViewCell.xib */,
			);
			path = Cell;
			sourceTree = "<group>";
		};
		53BB54AF278563E700306AB2 /* Rank */ = {
			isa = PBXGroup;
			children = (
				53BB54B227859AF800306AB2 /* Cell */,
				53BB54B0278563F600306AB2 /* RankViewController.swift */,
			);
			path = Rank;
			sourceTree = "<group>";
		};
		53BB54B227859AF800306AB2 /* Cell */ = {
			isa = PBXGroup;
			children = (
				53BB54B527859B4600306AB2 /* CardCollectionViewCell.swift */,
				53BB54B627859B4600306AB2 /* CardCollectionViewCell.xib */,
			);
			path = Cell;
			sourceTree = "<group>";
		};
		C64D723A855C7F601BD5AFC5 /* Frameworks */ = {
			isa = PBXGroup;
			children = (
				A9A74D08D08D0AED3BA060B1 /* Pods_Algomukja.framework */,
			);
			name = Frameworks;
			sourceTree = "<group>";
		};
		F8E000CDD6F70CFAC93B9C6F /* Pods */ = {
			isa = PBXGroup;
			children = (
				B15B9690FFD5BFDCDD839649 /* Pods-Algomukja.debug.xcconfig */,
				E9386F59357B420D2110BAD3 /* Pods-Algomukja.release.xcconfig */,
			);
			path = Pods;
			sourceTree = "<group>";
		};
/* End PBXGroup section */

/* Begin PBXNativeTarget section */
		53380D96273A72DE0044E63E /* Algomukja */ = {
			isa = PBXNativeTarget;
			buildConfigurationList = 53380DAB273A72E10044E63E /* Build configuration list for PBXNativeTarget "Algomukja" */;
			buildPhases = (
				A62CBA0EECD2AA141FFAB779 /* [CP] Check Pods Manifest.lock */,
				53380D93273A72DE0044E63E /* Sources */,
				53380D94273A72DE0044E63E /* Frameworks */,
				53380D95273A72DE0044E63E /* Resources */,
				4465856E999F64DFF4B77FE7 /* [CP] Embed Pods Frameworks */,
			);
			buildRules = (
			);
			dependencies = (
			);
			name = Algomukja;
			productName = Algomukja;
			productReference = 53380D97273A72DE0044E63E /* Algomukja.app */;
			productType = "com.apple.product-type.application";
		};
/* End PBXNativeTarget section */

/* Begin PBXProject section */
		53380D8F273A72DE0044E63E /* Project object */ = {
			isa = PBXProject;
			attributes = {
				BuildIndependentTargetsInParallel = 1;
				LastSwiftUpdateCheck = 1300;
				LastUpgradeCheck = 1300;
				TargetAttributes = {
					53380D96273A72DE0044E63E = {
						CreatedOnToolsVersion = 13.0;
					};
				};
			};
			buildConfigurationList = 53380D92273A72DE0044E63E /* Build configuration list for PBXProject "Algomukja" */;
			compatibilityVersion = "Xcode 13.0";
			developmentRegion = en;
			hasScannedForEncodings = 0;
			knownRegions = (
				en,
				Base,
			);
			mainGroup = 53380D8E273A72DE0044E63E;
			productRefGroup = 53380D98273A72DE0044E63E /* Products */;
			projectDirPath = "";
			projectRoot = "";
			targets = (
				53380D96273A72DE0044E63E /* Algomukja */,
			);
		};
/* End PBXProject section */

/* Begin PBXResourcesBuildPhase section */
		53380D95273A72DE0044E63E /* Resources */ = {
			isa = PBXResourcesBuildPhase;
			buildActionMask = 2147483647;
			files = (
				53BB54AE278563DB00306AB2 /* Rank.storyboard in Resources */,
				53622A852756997C0063A4DB /* TabBar.storyboard in Resources */,
				53380DA7273A72E10044E63E /* LaunchScreen.storyboard in Resources */,
				53380DB6273A735F0044E63E /* Colors.xcassets in Resources */,
				53622A91275699EA0063A4DB /* ItemCollectionViewCell.xib in Resources */,
				53BB54B827859B4600306AB2 /* CardCollectionViewCell.xib in Resources */,
				53622A87275699860063A4DB /* ItemList.storyboard in Resources */,
				53599BDC275919E7009EA34F /* MaterialCollectionViewCell.xib in Resources */,
				53380DA4273A72E10044E63E /* Assets.xcassets in Resources */,
				533FE9BD2771D5F700CCC596 /* Camera.storyboard in Resources */,
				53380DA2273A72DE0044E63E /* Main.storyboard in Resources */,
			);
			runOnlyForDeploymentPostprocessing = 0;
		};
/* End PBXResourcesBuildPhase section */

/* Begin PBXShellScriptBuildPhase section */
		4465856E999F64DFF4B77FE7 /* [CP] Embed Pods Frameworks */ = {
			isa = PBXShellScriptBuildPhase;
			buildActionMask = 2147483647;
			files = (
			);
			inputFileListPaths = (
				"${PODS_ROOT}/Target Support Files/Pods-Algomukja/Pods-Algomukja-frameworks-${CONFIGURATION}-input-files.xcfilelist",
			);
			name = "[CP] Embed Pods Frameworks";
			outputFileListPaths = (
				"${PODS_ROOT}/Target Support Files/Pods-Algomukja/Pods-Algomukja-frameworks-${CONFIGURATION}-output-files.xcfilelist",
			);
			runOnlyForDeploymentPostprocessing = 0;
			shellPath = /bin/sh;
			shellScript = "\"${PODS_ROOT}/Target Support Files/Pods-Algomukja/Pods-Algomukja-frameworks.sh\"\n";
			showEnvVarsInLog = 0;
		};
		A62CBA0EECD2AA141FFAB779 /* [CP] Check Pods Manifest.lock */ = {
			isa = PBXShellScriptBuildPhase;
			buildActionMask = 2147483647;
			files = (
			);
			inputFileListPaths = (
			);
			inputPaths = (
				"${PODS_PODFILE_DIR_PATH}/Podfile.lock",
				"${PODS_ROOT}/Manifest.lock",
			);
			name = "[CP] Check Pods Manifest.lock";
			outputFileListPaths = (
			);
			outputPaths = (
				"$(DERIVED_FILE_DIR)/Pods-Algomukja-checkManifestLockResult.txt",
			);
			runOnlyForDeploymentPostprocessing = 0;
			shellPath = /bin/sh;
			shellScript = "diff \"${PODS_PODFILE_DIR_PATH}/Podfile.lock\" \"${PODS_ROOT}/Manifest.lock\" > /dev/null\nif [ $? != 0 ] ; then\n    # print error to STDERR\n    echo \"error: The sandbox is not in sync with the Podfile.lock. Run 'pod install' or update your CocoaPods installation.\" >&2\n    exit 1\nfi\n# This output is used by Xcode 'outputs' to avoid re-running this script phase.\necho \"SUCCESS\" > \"${SCRIPT_OUTPUT_FILE_0}\"\n";
			showEnvVarsInLog = 0;
		};
/* End PBXShellScriptBuildPhase section */

/* Begin PBXSourcesBuildPhase section */
		53380D93273A72DE0044E63E /* Sources */ = {
			isa = PBXSourcesBuildPhase;
			buildActionMask = 2147483647;
			files = (
				533B79292774D43C00D0225D /* EditViewController.swift in Sources */,
				53BB54B1278563F600306AB2 /* RankViewController.swift in Sources */,
				53622A90275699EA0063A4DB /* ItemCollectionViewCell.swift in Sources */,
				53622A9327569D5D0063A4DB /* Extensions.swift in Sources */,
				53BB54B727859B4600306AB2 /* CardCollectionViewCell.swift in Sources */,
				53599BDB275919E7009EA34F /* MaterialCollectionViewCell.swift in Sources */,
				53622A952757EABC0063A4DB /* ItemInfoViewController.swift in Sources */,
				53380D9F273A72DE0044E63E /* ViewController.swift in Sources */,
				53380D9B273A72DE0044E63E /* AppDelegate.swift in Sources */,
				53622A83275699400063A4DB /* ListViewController.swift in Sources */,
				53EB7AC9279BD9AC007FD22A /* TabBarViewController.swift in Sources */,
				53380D9D273A72DE0044E63E /* SceneDelegate.swift in Sources */,
				533FE9C02771D61900CCC596 /* CameraViewController.swift in Sources */,
			);
			runOnlyForDeploymentPostprocessing = 0;
		};
/* End PBXSourcesBuildPhase section */

/* Begin PBXVariantGroup section */
		53380DA0273A72DE0044E63E /* Main.storyboard */ = {
			isa = PBXVariantGroup;
			children = (
				53380DA1273A72DE0044E63E /* Base */,
			);
			name = Main.storyboard;
			sourceTree = "<group>";
		};
		53380DA5273A72E10044E63E /* LaunchScreen.storyboard */ = {
			isa = PBXVariantGroup;
			children = (
				53380DA6273A72E10044E63E /* Base */,
			);
			name = LaunchScreen.storyboard;
			sourceTree = "<group>";
		};
/* End PBXVariantGroup section */

/* Begin XCBuildConfiguration section */
		53380DA9273A72E10044E63E /* Debug */ = {
			isa = XCBuildConfiguration;
			buildSettings = {
				ALWAYS_SEARCH_USER_PATHS = NO;
				CLANG_ANALYZER_NONNULL = YES;
				CLANG_ANALYZER_NUMBER_OBJECT_CONVERSION = YES_AGGRESSIVE;
				CLANG_CXX_LANGUAGE_STANDARD = "gnu++17";
				CLANG_CXX_LIBRARY = "libc++";
				CLANG_ENABLE_MODULES = YES;
				CLANG_ENABLE_OBJC_ARC = YES;
				CLANG_ENABLE_OBJC_WEAK = YES;
				CLANG_WARN_BLOCK_CAPTURE_AUTORELEASING = YES;
				CLANG_WARN_BOOL_CONVERSION = YES;
				CLANG_WARN_COMMA = YES;
				CLANG_WARN_CONSTANT_CONVERSION = YES;
				CLANG_WARN_DEPRECATED_OBJC_IMPLEMENTATIONS = YES;
				CLANG_WARN_DIRECT_OBJC_ISA_USAGE = YES_ERROR;
				CLANG_WARN_DOCUMENTATION_COMMENTS = YES;
				CLANG_WARN_EMPTY_BODY = YES;
				CLANG_WARN_ENUM_CONVERSION = YES;
				CLANG_WARN_INFINITE_RECURSION = YES;
				CLANG_WARN_INT_CONVERSION = YES;
				CLANG_WARN_NON_LITERAL_NULL_CONVERSION = YES;
				CLANG_WARN_OBJC_IMPLICIT_RETAIN_SELF = YES;
				CLANG_WARN_OBJC_LITERAL_CONVERSION = YES;
				CLANG_WARN_OBJC_ROOT_CLASS = YES_ERROR;
				CLANG_WARN_QUOTED_INCLUDE_IN_FRAMEWORK_HEADER = YES;
				CLANG_WARN_RANGE_LOOP_ANALYSIS = YES;
				CLANG_WARN_STRICT_PROTOTYPES = YES;
				CLANG_WARN_SUSPICIOUS_MOVE = YES;
				CLANG_WARN_UNGUARDED_AVAILABILITY = YES_AGGRESSIVE;
				CLANG_WARN_UNREACHABLE_CODE = YES;
				CLANG_WARN__DUPLICATE_METHOD_MATCH = YES;
				COPY_PHASE_STRIP = NO;
				DEBUG_INFORMATION_FORMAT = dwarf;
				ENABLE_STRICT_OBJC_MSGSEND = YES;
				ENABLE_TESTABILITY = YES;
				GCC_C_LANGUAGE_STANDARD = gnu11;
				GCC_DYNAMIC_NO_PIC = NO;
				GCC_NO_COMMON_BLOCKS = YES;
				GCC_OPTIMIZATION_LEVEL = 0;
				GCC_PREPROCESSOR_DEFINITIONS = (
					"DEBUG=1",
					"$(inherited)",
				);
				GCC_WARN_64_TO_32_BIT_CONVERSION = YES;
				GCC_WARN_ABOUT_RETURN_TYPE = YES_ERROR;
				GCC_WARN_UNDECLARED_SELECTOR = YES;
				GCC_WARN_UNINITIALIZED_AUTOS = YES_AGGRESSIVE;
				GCC_WARN_UNUSED_FUNCTION = YES;
				GCC_WARN_UNUSED_VARIABLE = YES;
				IPHONEOS_DEPLOYMENT_TARGET = 15.0;
				MTL_ENABLE_DEBUG_INFO = INCLUDE_SOURCE;
				MTL_FAST_MATH = YES;
				ONLY_ACTIVE_ARCH = YES;
				SDKROOT = iphoneos;
				SWIFT_ACTIVE_COMPILATION_CONDITIONS = DEBUG;
				SWIFT_OPTIMIZATION_LEVEL = "-Onone";
			};
			name = Debug;
		};
		53380DAA273A72E10044E63E /* Release */ = {
			isa = XCBuildConfiguration;
			buildSettings = {
				ALWAYS_SEARCH_USER_PATHS = NO;
				CLANG_ANALYZER_NONNULL = YES;
				CLANG_ANALYZER_NUMBER_OBJECT_CONVERSION = YES_AGGRESSIVE;
				CLANG_CXX_LANGUAGE_STANDARD = "gnu++17";
				CLANG_CXX_LIBRARY = "libc++";
				CLANG_ENABLE_MODULES = YES;
				CLANG_ENABLE_OBJC_ARC = YES;
				CLANG_ENABLE_OBJC_WEAK = YES;
				CLANG_WARN_BLOCK_CAPTURE_AUTORELEASING = YES;
				CLANG_WARN_BOOL_CONVERSION = YES;
				CLANG_WARN_COMMA = YES;
				CLANG_WARN_CONSTANT_CONVERSION = YES;
				CLANG_WARN_DEPRECATED_OBJC_IMPLEMENTATIONS = YES;
				CLANG_WARN_DIRECT_OBJC_ISA_USAGE = YES_ERROR;
				CLANG_WARN_DOCUMENTATION_COMMENTS = YES;
				CLANG_WARN_EMPTY_BODY = YES;
				CLANG_WARN_ENUM_CONVERSION = YES;
				CLANG_WARN_INFINITE_RECURSION = YES;
				CLANG_WARN_INT_CONVERSION = YES;
				CLANG_WARN_NON_LITERAL_NULL_CONVERSION = YES;
				CLANG_WARN_OBJC_IMPLICIT_RETAIN_SELF = YES;
				CLANG_WARN_OBJC_LITERAL_CONVERSION = YES;
				CLANG_WARN_OBJC_ROOT_CLASS = YES_ERROR;
				CLANG_WARN_QUOTED_INCLUDE_IN_FRAMEWORK_HEADER = YES;
				CLANG_WARN_RANGE_LOOP_ANALYSIS = YES;
				CLANG_WARN_STRICT_PROTOTYPES = YES;
				CLANG_WARN_SUSPICIOUS_MOVE = YES;
				CLANG_WARN_UNGUARDED_AVAILABILITY = YES_AGGRESSIVE;
				CLANG_WARN_UNREACHABLE_CODE = YES;
				CLANG_WARN__DUPLICATE_METHOD_MATCH = YES;
				COPY_PHASE_STRIP = NO;
				DEBUG_INFORMATION_FORMAT = "dwarf-with-dsym";
				ENABLE_NS_ASSERTIONS = NO;
				ENABLE_STRICT_OBJC_MSGSEND = YES;
				GCC_C_LANGUAGE_STANDARD = gnu11;
				GCC_NO_COMMON_BLOCKS = YES;
				GCC_WARN_64_TO_32_BIT_CONVERSION = YES;
				GCC_WARN_ABOUT_RETURN_TYPE = YES_ERROR;
				GCC_WARN_UNDECLARED_SELECTOR = YES;
				GCC_WARN_UNINITIALIZED_AUTOS = YES_AGGRESSIVE;
				GCC_WARN_UNUSED_FUNCTION = YES;
				GCC_WARN_UNUSED_VARIABLE = YES;
				IPHONEOS_DEPLOYMENT_TARGET = 15.0;
				MTL_ENABLE_DEBUG_INFO = NO;
				MTL_FAST_MATH = YES;
				SDKROOT = iphoneos;
				SWIFT_COMPILATION_MODE = wholemodule;
				SWIFT_OPTIMIZATION_LEVEL = "-O";
				VALIDATE_PRODUCT = YES;
			};
			name = Release;
		};
		53380DAC273A72E10044E63E /* Debug */ = {
			isa = XCBuildConfiguration;
			baseConfigurationReference = B15B9690FFD5BFDCDD839649 /* Pods-Algomukja.debug.xcconfig */;
			buildSettings = {
				ASSETCATALOG_COMPILER_APPICON_NAME = AppIcon;
				ASSETCATALOG_COMPILER_GLOBAL_ACCENT_COLOR_NAME = AccentColor;
				CODE_SIGN_STYLE = Automatic;
				CURRENT_PROJECT_VERSION = 1;
				DEVELOPMENT_TEAM = CX8P4D8Z7M;
				GENERATE_INFOPLIST_FILE = YES;
				INFOPLIST_FILE = Algomukja/Info.plist;
				INFOPLIST_KEY_NSCameraUsageDescription = "카메라를 통해 원재료명을 읽을 수 있습니다.";
				INFOPLIST_KEY_UIApplicationSupportsIndirectInputEvents = YES;
				INFOPLIST_KEY_UILaunchStoryboardName = LaunchScreen;
				INFOPLIST_KEY_UIMainStoryboardFile = Main;
				INFOPLIST_KEY_UISupportedInterfaceOrientations_iPad = "UIInterfaceOrientationPortrait UIInterfaceOrientationPortraitUpsideDown UIInterfaceOrientationLandscapeLeft UIInterfaceOrientationLandscapeRight";
				INFOPLIST_KEY_UISupportedInterfaceOrientations_iPhone = "UIInterfaceOrientationPortrait UIInterfaceOrientationLandscapeLeft UIInterfaceOrientationLandscapeRight";
				INFOPLIST_KEY_UIUserInterfaceStyle = Light;
				LD_RUNPATH_SEARCH_PATHS = (
					"$(inherited)",
					"@executable_path/Frameworks",
				);
				MARKETING_VERSION = 1.0;
				PRODUCT_BUNDLE_IDENTIFIER = "sk.algo-1";
				PRODUCT_NAME = "$(TARGET_NAME)";
				SWIFT_EMIT_LOC_STRINGS = YES;
				SWIFT_VERSION = 5.0;
				TARGETED_DEVICE_FAMILY = "1,2";
				VALIDATE_WORKSPACE = NO;
			};
			name = Debug;
		};
		53380DAD273A72E10044E63E /* Release */ = {
			isa = XCBuildConfiguration;
			baseConfigurationReference = E9386F59357B420D2110BAD3 /* Pods-Algomukja.release.xcconfig */;
			buildSettings = {
				ASSETCATALOG_COMPILER_APPICON_NAME = AppIcon;
				ASSETCATALOG_COMPILER_GLOBAL_ACCENT_COLOR_NAME = AccentColor;
				CODE_SIGN_STYLE = Automatic;
				CURRENT_PROJECT_VERSION = 1;
				DEVELOPMENT_TEAM = CX8P4D8Z7M;
				GENERATE_INFOPLIST_FILE = YES;
				INFOPLIST_FILE = Algomukja/Info.plist;
				INFOPLIST_KEY_NSCameraUsageDescription = "카메라를 통해 원재료명을 읽을 수 있습니다.";
				INFOPLIST_KEY_UIApplicationSupportsIndirectInputEvents = YES;
				INFOPLIST_KEY_UILaunchStoryboardName = LaunchScreen;
				INFOPLIST_KEY_UIMainStoryboardFile = Main;
				INFOPLIST_KEY_UISupportedInterfaceOrientations_iPad = "UIInterfaceOrientationPortrait UIInterfaceOrientationPortraitUpsideDown UIInterfaceOrientationLandscapeLeft UIInterfaceOrientationLandscapeRight";
				INFOPLIST_KEY_UISupportedInterfaceOrientations_iPhone = "UIInterfaceOrientationPortrait UIInterfaceOrientationLandscapeLeft UIInterfaceOrientationLandscapeRight";
				INFOPLIST_KEY_UIUserInterfaceStyle = Light;
				LD_RUNPATH_SEARCH_PATHS = (
					"$(inherited)",
					"@executable_path/Frameworks",
				);
				MARKETING_VERSION = 1.0;
				PRODUCT_BUNDLE_IDENTIFIER = "sk.algo-1";
				PRODUCT_NAME = "$(TARGET_NAME)";
				SWIFT_EMIT_LOC_STRINGS = YES;
				SWIFT_VERSION = 5.0;
				TARGETED_DEVICE_FAMILY = "1,2";
				VALIDATE_WORKSPACE = NO;
			};
			name = Release;
		};
/* End XCBuildConfiguration section */

/* Begin XCConfigurationList section */
		53380D92273A72DE0044E63E /* Build configuration list for PBXProject "Algomukja" */ = {
			isa = XCConfigurationList;
			buildConfigurations = (
				53380DA9273A72E10044E63E /* Debug */,
				53380DAA273A72E10044E63E /* Release */,
			);
			defaultConfigurationIsVisible = 0;
			defaultConfigurationName = Release;
		};
		53380DAB273A72E10044E63E /* Build configuration list for PBXNativeTarget "Algomukja" */ = {
			isa = XCConfigurationList;
			buildConfigurations = (
				53380DAC273A72E10044E63E /* Debug */,
				53380DAD273A72E10044E63E /* Release */,
			);
			defaultConfigurationIsVisible = 0;
			defaultConfigurationName = Release;
		};
/* End XCConfigurationList section */
	};
	rootObject = 53380D8F273A72DE0044E63E /* Project object */;
}
